# This file is autogenerated, do not edit; changes may be undone by the next 'dep ensure'.


[[projects]]
  digest = "1:51712f342cdefcad2c867f399a3ce8223675221d4386c81cfcccd8f0656e722e"
  name = "github.com/go-telegram-bot-api/telegram-bot-api"
  packages = ["."]
  pruneopts = "UT"
  revision = "9860bdfd3a171ceafb6e1eafa163482a6ef92643"
  version = "v4.6.4"

[[projects]]
  digest = "1:31e761d97c76151dde79e9d28964a812c46efc5baee4085b86f68f0c654450de"
  name = "github.com/konsorten/go-windows-terminal-sequences"
  packages = ["."]
  pruneopts = "UT"
  revision = "f55edac94c9bbba5d6182a4be46d86a2c9b5b50e"
  version = "v1.0.2"

[[projects]]
  digest = "1:04457f9f6f3ffc5fea48e71d62f2ca256637dee0a04d710288e27e05c8b41976"
  name = "github.com/sirupsen/logrus"
  packages = ["."]
  pruneopts = "UT"
  revision = "839c75faf7f98a33d445d181f3018b5c3409a45e"
  version = "v1.4.2"

[[projects]]
  digest = "1:420817f94b6c172dabb8a054d0b2d257d7437a87c7c8c7ee432bc008a577fc46"
  name = "github.com/technoweenie/multipartstreamer"
  packages = ["."]
  pruneopts = "UT"
  revision = "a90a01d73ae432e2611d178c18367fbaa13e0154"
  version = "v1.0.1"

[[projects]]
  branch = "master"
  digest = "1:fc96eb481f72e9a5edeb4bb3f3610d3b9384c036f7c1e39f8c0dedff23d0c34d"
  name = "golang.org/x/sys"
  packages = ["unix"]
  pruneopts = "UT"
  revision = "bd437916bb0eb726b873ee8e9b2dcf212d32e2fd"

[[projects]]
  digest = "1:abadfc1280a8354027af9b2916c4b303bfe3480fea2ed8cb2928e7288acdd46f"
  name = "mvdan.cc/xurls"
  packages = ["."]
  pruneopts = "UT"
  revision = "aca318f079078cc3677a81e7f7d89df859f4f4b2"
  version = "v2.1.0"

[solve-meta]
  analyzer-name = "dep"
  analyzer-version = 1
  input-imports = [
    "github.com/go-telegram-bot-api/telegram-bot-api",
    "github.com/sirupsen/logrus",
    "mvdan.cc/xurls",
  ]
  solver-name = "gps-cdcl"
  solver-version = 1
